// !$*UTF8*$!
{
	archiveVersion = 1;
	classes = {
	};
	objectVersion = 46;
	objects = {

/* Begin PBXBuildFile section */
		C43D0A451D9CDE7200036B2B /* main.m in Sources */ = {isa = PBXBuildFile; fileRef = C43D0A441D9CDE7200036B2B /* main.m */; };
		C43D0A481D9CDE7200036B2B /* AppDelegate.m in Sources */ = {isa = PBXBuildFile; fileRef = C43D0A471D9CDE7200036B2B /* AppDelegate.m */; };
		C43D0A4B1D9CDE7200036B2B /* ViewController.m in Sources */ = {isa = PBXBuildFile; fileRef = C43D0A4A1D9CDE7200036B2B /* ViewController.m */; };
		C43D0A4E1D9CDE7200036B2B /* Main.storyboard in Resources */ = {isa = PBXBuildFile; fileRef = C43D0A4C1D9CDE7200036B2B /* Main.storyboard */; };
		C43D0A501D9CDE7200036B2B /* Assets.xcassets in Resources */ = {isa = PBXBuildFile; fileRef = C43D0A4F1D9CDE7200036B2B /* Assets.xcassets */; };
		C43D0A531D9CDE7200036B2B /* LaunchScreen.storyboard in Resources */ = {isa = PBXBuildFile; fileRef = C43D0A511D9CDE7200036B2B /* LaunchScreen.storyboard */; };
		C43D0A5C1D9CDECA00036B2B /* JYCoreAnimationDemo.m in Sources */ = {isa = PBXBuildFile; fileRef = C43D0A5B1D9CDEB400036B2B /* JYCoreAnimationDemo.m */; };
		C447CF491D9F1547004B97F6 /* JYAnchorPoint.m in Sources */ = {isa = PBXBuildFile; fileRef = C447CF481D9F1477004B97F6 /* JYAnchorPoint.m */; };
		C44B41B91D9CE24000B0B8BF /* JYLayerTree.m in Sources */ = {isa = PBXBuildFile; fileRef = C44B41B81D9CE24000B0B8BF /* JYLayerTree.m */; };
		C4FE29631DA00DE2002C3029 /* JYLayer.m in Sources */ = {isa = PBXBuildFile; fileRef = C4FE29621DA00DAE002C3029 /* JYLayer.m */; };
/* End PBXBuildFile section */

/* Begin PBXFileReference section */
		C43D0A401D9CDE7200036B2B /* CoreAnimationDemo.app */ = {isa = PBXFileReference; explicitFileType = wrapper.application; includeInIndex = 0; path = CoreAnimationDemo.app; sourceTree = BUILT_PRODUCTS_DIR; };
		C43D0A441D9CDE7200036B2B /* main.m */ = {isa = PBXFileReference; lastKnownFileType = sourcecode.c.objc; path = main.m; sourceTree = "<group>"; };
		C43D0A461D9CDE7200036B2B /* AppDelegate.h */ = {isa = PBXFileReference; lastKnownFileType = sourcecode.c.h; path = AppDelegate.h; sourceTree = "<group>"; };
		C43D0A471D9CDE7200036B2B /* AppDelegate.m */ = {isa = PBXFileReference; lastKnownFileType = sourcecode.c.objc; path = AppDelegate.m; sourceTree = "<group>"; };
		C43D0A491D9CDE7200036B2B /* ViewController.h */ = {isa = PBXFileReference; lastKnownFileType = sourcecode.c.h; path = ViewController.h; sourceTree = "<group>"; };
		C43D0A4A1D9CDE7200036B2B /* ViewController.m */ = {isa = PBXFileReference; lastKnownFileType = sourcecode.c.objc; path = ViewController.m; sourceTree = "<group>"; };
		C43D0A4D1D9CDE7200036B2B /* Base */ = {isa = PBXFileReference; lastKnownFileType = file.storyboard; name = Base; path = Base.lproj/Main.storyboard; sourceTree = "<group>"; };
		C43D0A4F1D9CDE7200036B2B /* Assets.xcassets */ = {isa = PBXFileReference; lastKnownFileType = folder.assetcatalog; path = Assets.xcassets; sourceTree = "<group>"; };
		C43D0A521D9CDE7200036B2B /* Base */ = {isa = PBXFileReference; lastKnownFileType = file.storyboard; name = Base; path = Base.lproj/LaunchScreen.storyboard; sourceTree = "<group>"; };
		C43D0A541D9CDE7200036B2B /* Info.plist */ = {isa = PBXFileReference; lastKnownFileType = text.plist.xml; path = Info.plist; sourceTree = "<group>"; };
		C43D0A5A1D9CDEB400036B2B /* JYCoreAnimationDemo.h */ = {isa = PBXFileReference; lastKnownFileType = sourcecode.c.h; path = JYCoreAnimationDemo.h; sourceTree = "<group>"; };
		C43D0A5B1D9CDEB400036B2B /* JYCoreAnimationDemo.m */ = {isa = PBXFileReference; lastKnownFileType = sourcecode.c.objc; path = JYCoreAnimationDemo.m; sourceTree = "<group>"; };
		C447CF471D9F1477004B97F6 /* JYAnchorPoint.h */ = {isa = PBXFileReference; lastKnownFileType = sourcecode.c.h; path = JYAnchorPoint.h; sourceTree = "<group>"; };
		C447CF481D9F1477004B97F6 /* JYAnchorPoint.m */ = {isa = PBXFileReference; lastKnownFileType = sourcecode.c.objc; path = JYAnchorPoint.m; sourceTree = "<group>"; };
		C44B41B71D9CE24000B0B8BF /* JYLayerTree.h */ = {isa = PBXFileReference; fileEncoding = 4; lastKnownFileType = sourcecode.c.h; path = JYLayerTree.h; sourceTree = "<group>"; };
		C44B41B81D9CE24000B0B8BF /* JYLayerTree.m */ = {isa = PBXFileReference; fileEncoding = 4; lastKnownFileType = sourcecode.c.objc; path = JYLayerTree.m; sourceTree = "<group>"; };
		C4FE29611DA00DAE002C3029 /* JYLayer.h */ = {isa = PBXFileReference; lastKnownFileType = sourcecode.c.h; path = JYLayer.h; sourceTree = "<group>"; };
		C4FE29621DA00DAE002C3029 /* JYLayer.m */ = {isa = PBXFileReference; lastKnownFileType = sourcecode.c.objc; path = JYLayer.m; sourceTree = "<group>"; };
/* End PBXFileReference section */

/* Begin PBXFrameworksBuildPhase section */
		C43D0A3D1D9CDE7200036B2B /* Frameworks */ = {
			isa = PBXFrameworksBuildPhase;
			buildActionMask = 2147483647;
			files = (
			);
			runOnlyForDeploymentPostprocessing = 0;
		};
/* End PBXFrameworksBuildPhase section */

/* Begin PBXGroup section */
		C43D0A371D9CDE7200036B2B = {
			isa = PBXGroup;
			children = (
				C43D0A421D9CDE7200036B2B /* CoreAnimationDemo */,
				C43D0A411D9CDE7200036B2B /* Products */,
			);
			sourceTree = "<group>";
		};
		C43D0A411D9CDE7200036B2B /* Products */ = {
			isa = PBXGroup;
			children = (
				C43D0A401D9CDE7200036B2B /* CoreAnimationDemo.app */,
			);
			name = Products;
			sourceTree = "<group>";
		};
		C43D0A421D9CDE7200036B2B /* CoreAnimationDemo */ = {
			isa = PBXGroup;
			children = (
				C43D0A461D9CDE7200036B2B /* AppDelegate.h */,
				C43D0A471D9CDE7200036B2B /* AppDelegate.m */,
				C43D0A491D9CDE7200036B2B /* ViewController.h */,
				C43D0A4A1D9CDE7200036B2B /* ViewController.m */,
				C43D0A5A1D9CDEB400036B2B /* JYCoreAnimationDemo.h */,
				C43D0A5B1D9CDEB400036B2B /* JYCoreAnimationDemo.m */,
				C44B41B61D9CE21900B0B8BF /* Demos */,
				C43D0A4C1D9CDE7200036B2B /* Main.storyboard */,
				C43D0A4F1D9CDE7200036B2B /* Assets.xcassets */,
				C43D0A511D9CDE7200036B2B /* LaunchScreen.storyboard */,
				C43D0A541D9CDE7200036B2B /* Info.plist */,
				C43D0A431D9CDE7200036B2B /* Supporting Files */,
			);
			path = CoreAnimationDemo;
			sourceTree = "<group>";
		};
		C43D0A431D9CDE7200036B2B /* Supporting Files */ = {
			isa = PBXGroup;
			children = (
				C43D0A441D9CDE7200036B2B /* main.m */,
			);
			name = "Supporting Files";
			sourceTree = "<group>";
		};
		C44B41B61D9CE21900B0B8BF /* Demos */ = {
			isa = PBXGroup;
			children = (
				C44B41B71D9CE24000B0B8BF /* JYLayerTree.h */,
				C44B41B81D9CE24000B0B8BF /* JYLayerTree.m */,
				C4FE29611DA00DAE002C3029 /* JYLayer.h */,
				C4FE29621DA00DAE002C3029 /* JYLayer.m */,
				C447CF471D9F1477004B97F6 /* JYAnchorPoint.h */,
				C447CF481D9F1477004B97F6 /* JYAnchorPoint.m */,
			);
			path = Demos;
			sourceTree = "<group>";
		};
/* End PBXGroup section */

/* Begin PBXNativeTarget section */
		C43D0A3F1D9CDE7200036B2B /* CoreAnimationDemo */ = {
			isa = PBXNativeTarget;
			buildConfigurationList = C43D0A571D9CDE7200036B2B /* Build configuration list for PBXNativeTarget "CoreAnimationDemo" */;
			buildPhases = (
				C43D0A3C1D9CDE7200036B2B /* Sources */,
				C43D0A3D1D9CDE7200036B2B /* Frameworks */,
				C43D0A3E1D9CDE7200036B2B /* Resources */,
			);
			buildRules = (
			);
			dependencies = (
			);
			name = CoreAnimationDemo;
			productName = CoreAnimationDemo;
			productReference = C43D0A401D9CDE7200036B2B /* CoreAnimationDemo.app */;
			productType = "com.apple.product-type.application";
		};
/* End PBXNativeTarget section */

/* Begin PBXProject section */
		C43D0A381D9CDE7200036B2B /* Project object */ = {
			isa = PBXProject;
			attributes = {
				CLASSPREFIX = JY;
				LastUpgradeCheck = 0730;
				ORGANIZATIONNAME = "李少帅";
				TargetAttributes = {
					C43D0A3F1D9CDE7200036B2B = {
						CreatedOnToolsVersion = 7.3.1;
					};
				};
			};
			buildConfigurationList = C43D0A3B1D9CDE7200036B2B /* Build configuration list for PBXProject "CoreAnimationDemo" */;
			compatibilityVersion = "Xcode 3.2";
			developmentRegion = English;
			hasScannedForEncodings = 0;
			knownRegions = (
				en,
				Base,
			);
			mainGroup = C43D0A371D9CDE7200036B2B;
			productRefGroup = C43D0A411D9CDE7200036B2B /* Products */;
			projectDirPath = "";
			projectRoot = "";
			targets = (
				C43D0A3F1D9CDE7200036B2B /* CoreAnimationDemo */,
			);
		};
/* End PBXProject section */

/* Begin PBXResourcesBuildPhase section */
		C43D0A3E1D9CDE7200036B2B /* Resources */ = {
			isa = PBXResourcesBuildPhase;
			buildActionMask = 2147483647;
			files = (
				C43D0A531D9CDE7200036B2B /* LaunchScreen.storyboard in Resources */,
				C43D0A501D9CDE7200036B2B /* Assets.xcassets in Resources */,
				C43D0A4E1D9CDE7200036B2B /* Main.storyboard in Resources */,
			);
			runOnlyForDeploymentPostprocessing = 0;
		};
/* End PBXResourcesBuildPhase section */

/* Begin PBXSourcesBuildPhase section */
		C43D0A3C1D9CDE7200036B2B /* Sources */ = {
			isa = PBXSourcesBuildPhase;
			buildActionMask = 2147483647;
			files = (
				C44B41B91D9CE24000B0B8BF /* JYLayerTree.m in Sources */,
				C43D0A4B1D9CDE7200036B2B /* ViewController.m in Sources */,
				C447CF491D9F1547004B97F6 /* JYAnchorPoint.m in Sources */,
				C43D0A481D9CDE7200036B2B /* AppDelegate.m in Sources */,
				C43D0A5C1D9CDECA00036B2B /* JYCoreAnimationDemo.m in Sources */,
				C43D0A451D9CDE7200036B2B /* main.m in Sources */,
				C4FE29631DA00DE2002C3029 /* JYLayer.m in Sources */,
			);
			runOnlyForDeploymentPostprocessing = 0;
		};
/* End PBXSourcesBuildPhase section */

/* Begin PBXVariantGroup section */
		C43D0A4C1D9CDE7200036B2B /* Main.storyboard */ = {
			isa = PBXVariantGroup;
			children = (
				C43D0A4D1D9CDE7200036B2B /* Base */,
			);
			name = Main.storyboard;
			sourceTree = "<group>";
		};
		C43D0A511D9CDE7200036B2B /* LaunchScreen.storyboard */ = {
			isa = PBXVariantGroup;
			children = (
				C43D0A521D9CDE7200036B2B /* Base */,
			);
			name = LaunchScreen.storyboard;
			sourceTree = "<group>";
		};
/* End PBXVariantGroup section */

/* Begin XCBuildConfiguration section */
		C43D0A551D9CDE7200036B2B /* Debug */ = {
			isa = XCBuildConfiguration;
			buildSettings = {
				ALWAYS_SEARCH_USER_PATHS = NO;
				CLANG_ANALYZER_NONNULL = YES;
				CLANG_CXX_LANGUAGE_STANDARD = "gnu++0x";
				CLANG_CXX_LIBRARY = "libc++";
				CLANG_ENABLE_MODULES = YES;
				CLANG_ENABLE_OBJC_ARC = YES;
				CLANG_WARN_BOOL_CONVERSION = YES;
				CLANG_WARN_CONSTANT_CONVERSION = YES;
				CLANG_WARN_DIRECT_OBJC_ISA_USAGE = YES_ERROR;
				CLANG_WARN_EMPTY_BODY = YES;
				CLANG_WARN_ENUM_CONVERSION = YES;
				CLANG_WARN_INT_CONVERSION = YES;
				CLANG_WARN_OBJC_ROOT_CLASS = YES_ERROR;
				CLANG_WARN_UNREACHABLE_CODE = YES;
				CLANG_WARN__DUPLICATE_METHOD_MATCH = YES;
				"CODE_SIGN_IDENTITY[sdk=iphoneos*]" = "iPhone Developer";
				COPY_PHASE_STRIP = NO;
				DEBUG_INFORMATION_FORMAT = dwarf;
				ENABLE_STRICT_OBJC_MSGSEND = YES;
				ENABLE_TESTABILITY = YES;
				GCC_C_LANGUAGE_STANDARD = gnu99;
				GCC_DYNAMIC_NO_PIC = NO;
				GCC_NO_COMMON_BLOCKS = YES;
				GCC_OPTIMIZATION_LEVEL = 0;
				GCC_PREPROCESSOR_DEFINITIONS = (
					"DEBUG=1",
					"$(inherited)",
				);
				GCC_WARN_64_TO_32_BIT_CONVERSION = YES;
				GCC_WARN_ABOUT_RETURN_TYPE = YES_ERROR;
				GCC_WARN_UNDECLARED_SELECTOR = YES;
				GCC_WARN_UNINITIALIZED_AUTOS = YES_AGGRESSIVE;
				GCC_WARN_UNUSED_FUNCTION = YES;
				GCC_WARN_UNUSED_VARIABLE = YES;
				IPHONEOS_DEPLOYMENT_TARGET = 9.3;
				MTL_ENABLE_DEBUG_INFO = YES;
				ONLY_ACTIVE_ARCH = YES;
				SDKROOT = iphoneos;
				TARGETED_DEVICE_FAMILY = "1,2";
			};
			name = Debug;
		};
		C43D0A561D9CDE7200036B2B /* Release */ = {
			isa = XCBuildConfiguration;
			buildSettings = {
				ALWAYS_SEARCH_USER_PATHS = NO;
				CLANG_ANALYZER_NONNULL = YES;
				CLANG_CXX_LANGUAGE_STANDARD = "gnu++0x";
				CLANG_CXX_LIBRARY = "libc++";
				CLANG_ENABLE_MODULES = YES;
				CLANG_ENABLE_OBJC_ARC = YES;
				CLANG_WARN_BOOL_CONVERSION = YES;
				CLANG_WARN_CONSTANT_CONVERSION = YES;
				CLANG_WARN_DIRECT_OBJC_ISA_USAGE = YES_ERROR;
				CLANG_WARN_EMPTY_BODY = YES;
				CLANG_WARN_ENUM_CONVERSION = YES;
				CLANG_WARN_INT_CONVERSION = YES;
				CLANG_WARN_OBJC_ROOT_CLASS = YES_ERROR;
				CLANG_WARN_UNREACHABLE_CODE = YES;
				CLANG_WARN__DUPLICATE_METHOD_MATCH = YES;
				"CODE_SIGN_IDENTITY[sdk=iphoneos*]" = "iPhone Developer";
				COPY_PHASE_STRIP = NO;
				DEBUG_INFORMATION_FORMAT = "dwarf-with-dsym";
				ENABLE_NS_ASSERTIONS = NO;
				ENABLE_STRICT_OBJC_MSGSEND = YES;
				GCC_C_LANGUAGE_STANDARD = gnu99;
				GCC_NO_COMMON_BLOCKS = YES;
				GCC_WARN_64_TO_32_BIT_CONVERSION = YES;
				GCC_WARN_ABOUT_RETURN_TYPE = YES_ERROR;
				GCC_WARN_UNDECLARED_SELECTOR = YES;
				GCC_WARN_UNINITIALIZED_AUTOS = YES_AGGRESSIVE;
				GCC_WARN_UNUSED_FUNCTION = YES;
				GCC_WARN_UNUSED_VARIABLE = YES;
				IPHONEOS_DEPLOYMENT_TARGET = 9.3;
				MTL_ENABLE_DEBUG_INFO = NO;
				SDKROOT = iphoneos;
				TARGETED_DEVICE_FAMILY = "1,2";
				VALIDATE_PRODUCT = YES;
			};
			name = Release;
		};
		C43D0A581D9CDE7200036B2B /* Debug */ = {
			isa = XCBuildConfiguration;
			buildSettings = {
				ASSETCATALOG_COMPILER_APPICON_NAME = AppIcon;
				INFOPLIST_FILE = CoreAnimationDemo/Info.plist;
				LD_RUNPATH_SEARCH_PATHS = "$(inherited) @executable_path/Frameworks";
				PRODUCT_BUNDLE_IDENTIFIER = Jerry.CoreAnimationDemo;
				PRODUCT_NAME = "$(TARGET_NAME)";
			};
			name = Debug;
		};
		C43D0A591D9CDE7200036B2B /* Release */ = {
			isa = XCBuildConfiguration;
			buildSettings = {
				ASSETCATALOG_COMPILER_APPICON_NAME = AppIcon;
				INFOPLIST_FILE = CoreAnimationDemo/Info.plist;
				LD_RUNPATH_SEARCH_PATHS = "$(inherited) @executable_path/Frameworks";
				PRODUCT_BUNDLE_IDENTIFIER = Jerry.CoreAnimationDemo;
				PRODUCT_NAME = "$(TARGET_NAME)";
			};
			name = Release;
		};
/* End XCBuildConfiguration section */

/* Begin XCConfigurationList section */
		C43D0A3B1D9CDE7200036B2B /* Build configuration list for PBXProject "CoreAnimationDemo" */ = {
			isa = XCConfigurationList;
			buildConfigurations = (
				C43D0A551D9CDE7200036B2B /* Debug */,
				C43D0A561D9CDE7200036B2B /* Release */,
			);
			defaultConfigurationIsVisible = 0;
			defaultConfigurationName = Release;
		};
		C43D0A571D9CDE7200036B2B /* Build configuration list for PBXNativeTarget "CoreAnimationDemo" */ = {
			isa = XCConfigurationList;
			buildConfigurations = (
				C43D0A581D9CDE7200036B2B /* Debug */,
				C43D0A591D9CDE7200036B2B /* Release */,
			);
			defaultConfigurationIsVisible = 0;
			defaultConfigurationName = Release;
		};
/* End XCConfigurationList section */
	};
	rootObject = C43D0A381D9CDE7200036B2B /* Project object */;
}
